
Microsoft Visual Studio Solution File, Format Version 12.00
# Visual Studio 15
VisualStudioVersion = 15.0.27130.2036
MinimumVisualStudioVersion = 10.0.40219.1
Project("{2150E333-8FDC-42A3-9474-1A3956D46DE8}") = "01表现层", "01表现层", "{D4C12E8F-5E0D-455E-81E8-71546D866440}"
EndProject
Project("{2150E333-8FDC-42A3-9474-1A3956D46DE8}") = "02领域建模", "02领域建模", "{669C0819-F210-436E-B3AF-62160C0F13DD}"
EndProject
Project("{2150E333-8FDC-42A3-9474-1A3956D46DE8}") = "05仓储契约", "05仓储契约", "{8E4E1071-70B5-4BD3-9A1B-DADECBC0143B}"
EndProject
Project("{2150E333-8FDC-42A3-9474-1A3956D46DE8}") = "06仓储服务", "06仓储服务", "{A6800985-A291-413F-8C2F-D799B12BABDF}"
EndProject
Project("{2150E333-8FDC-42A3-9474-1A3956D46DE8}") = "07配置中心", "07配置中心", "{5F909911-FC24-47CC-A9F5-BEC77155F34F}"
EndProject
Project("{2150E333-8FDC-42A3-9474-1A3956D46DE8}") = "04业务服务", "04业务服务", "{8650BE42-E8D1-441E-BDF2-56176AE2DB9A}"
EndProject
Project("{9A19103F-16F7-4668-BE54-9A1E7A4F7556}") = "Tibos.Web", "Tibos.Web\Tibos.Web.csproj", "{8C038C30-B127-4BFF-A430-59687092D541}"
EndProject
Project("{9A19103F-16F7-4668-BE54-9A1E7A4F7556}") = "Tibos.Domain", "Tibos.Domain\Tibos.Domain.csproj", "{1AC61CF5-5CEE-4B80-8752-AE7C3B4A572C}"
EndProject
Project("{9A19103F-16F7-4668-BE54-9A1E7A4F7556}") = "Tibos.Service", "Tibos.Service\Tibos.Service.csproj", "{D18CE245-86FF-461B-8CC0-D315A959941E}"
EndProject
Project("{2150E333-8FDC-42A3-9474-1A3956D46DE8}") = "08基础设施", "08基础设施", "{C423AF12-AEB6-4159-ADD9-EF64E23A844A}"
EndProject
Project("{9A19103F-16F7-4668-BE54-9A1E7A4F7556}") = "Tibos.Common", "Tibos.Common\Tibos.Common.csproj", "{9E975646-9E71-4354-8708-DB510BD11BF9}"
EndProject
Project("{9A19103F-16F7-4668-BE54-9A1E7A4F7556}") = "Tibos.Confing", "Tibos.Confing\Tibos.Confing.csproj", "{9B4DE832-ADF2-41B1-B9D0-E56BD491B1C2}"
EndProject
Project("{2150E333-8FDC-42A3-9474-1A3956D46DE8}") = "03业务契约", "03业务契约", "{513A3A81-2E93-4DB4-B5B3-534270A50C6B}"
EndProject
Project("{9A19103F-16F7-4668-BE54-9A1E7A4F7556}") = "Tibos.Api", "Tibos.Api\Tibos.Api.csproj", "{92BA69B1-0C4B-47A3-92CA-0C265AB19520}"
EndProject
Project("{9A19103F-16F7-4668-BE54-9A1E7A4F7556}") = "Tibos.ConfingModel", "Tibos.ConfingModel\Tibos.ConfingModel.csproj", "{29E708AB-A68B-419E-8640-026367C0BA7C}"
EndProject
Project("{2150E333-8FDC-42A3-9474-1A3956D46DE8}") = "09测试", "09测试", "{10278CAB-48C6-49B9-BA57-D302EB155BE0}"
	ProjectSection(SolutionItems) = preProject
		Docker.txt = Docker.txt
	EndProjectSection
EndProject
Project("{9A19103F-16F7-4668-BE54-9A1E7A4F7556}") = "Test", "Test\Test.csproj", "{AAB86185-AB2B-4E78-8C25-CEABF952AB93}"
EndProject
Project("{9A19103F-16F7-4668-BE54-9A1E7A4F7556}") = "Tibos.Admin", "Tibos.Admin\Tibos.Admin.csproj", "{8574D6B7-4F08-4DF9-981E-69D9E7C164B5}"
EndProject
Project("{FAE04EC0-301F-11D3-BF4B-00C04F79EFBC}") = "EditFileName", "EditFileName\EditFileName.csproj", "{1F87AC6B-7D3A-41CC-9B31-F2F6240AB770}"
EndProject
Project("{9A19103F-16F7-4668-BE54-9A1E7A4F7556}") = "Tibos.CAP", "Tibos.CAP\Tibos.CAP.csproj", "{F1AD3A67-5D13-47AC-91D4-0A8EDCCA063C}"
EndProject
Project("{9A19103F-16F7-4668-BE54-9A1E7A4F7556}") = "Tibos.CAP.Received", "Tibos.CAP.Received\Tibos.CAP.Received.csproj", "{7C52EFEC-AF79-4F8F-8DBB-0B4B0D8E5DD9}"
EndProject
Project("{2150E333-8FDC-42A3-9474-1A3956D46DE8}") = "RPC", "RPC", "{D5FDD0F2-D049-43D2-856B-9FA70EE4090C}"
EndProject
Project("{9A19103F-16F7-4668-BE54-9A1E7A4F7556}") = "RPC.Contract", "RPC.Contract\RPC.Contract.csproj", "{2F20D7BE-6C79-4E4C-893F-90F87727E9BF}"
EndProject
Project("{9A19103F-16F7-4668-BE54-9A1E7A4F7556}") = "RPC.Server", "RPC.Server\RPC.Server.csproj", "{B018C104-69DB-40E7-BDFA-A01C309E1072}"
EndProject
Project("{9A19103F-16F7-4668-BE54-9A1E7A4F7556}") = "RPC.Client", "RPC.Client\RPC.Client.csproj", "{45C381DE-B11C-4399-B23A-D2EE08FF5CD6}"
EndProject
Project("{9A19103F-16F7-4668-BE54-9A1E7A4F7556}") = "EF_Test", "EF_Test\EF_Test.csproj", "{DE69A3BA-E468-481D-BD86-32821C357D0F}"
EndProject
Project("{9A19103F-16F7-4668-BE54-9A1E7A4F7556}") = "Tibos.Repository", "Tibos.Repository\Tibos.Repository.csproj", "{5207DD44-7746-48C3-9CB6-3C9D8DF94B2F}"
EndProject
Project("{9A19103F-16F7-4668-BE54-9A1E7A4F7556}") = "Tibos.IRepository", "Tibos.IRepository\Tibos.IRepository.csproj", "{9C3BAE15-E63F-497B-ACB8-4C9D39FF2C81}"
EndProject
Project("{9A19103F-16F7-4668-BE54-9A1E7A4F7556}") = "Tibos.IService", "Tibos.IService\Tibos.IService.csproj", "{F648307E-73E8-4437-A347-AC174EB5AB85}"
EndProject
Project("{2150E333-8FDC-42A3-9474-1A3956D46DE8}") = "CAP", "CAP", "{4E435325-FF37-43CC-B316-B6D4BD53C463}"
EndProject
Project("{2150E333-8FDC-42A3-9474-1A3956D46DE8}") = "SignalR", "SignalR", "{AD9CC05E-67D3-4083-8EFD-15470BC7BB16}"
EndProject
Project("{9A19103F-16F7-4668-BE54-9A1E7A4F7556}") = "SignalRChat", "SignalRChat\SignalRChat.csproj", "{FEF79DD7-62C3-436B-B68E-FD063986973F}"
EndProject
Project("{9A19103F-16F7-4668-BE54-9A1E7A4F7556}") = "SignalRClient", "SignalRClient\SignalRClient.csproj", "{98F6EF62-2A0F-4946-AFE2-A5D2F723C68B}"
EndProject
Project("{9A19103F-16F7-4668-BE54-9A1E7A4F7556}") = "Poker", "Poker\Poker.csproj", "{2388275B-F9AD-42E5-9EF1-3A297429EEA9}"
EndProject
Project("{2150E333-8FDC-42A3-9474-1A3956D46DE8}") = "Microservice", "Microservice", "{AB8555C1-3E05-4498-9A15-8FDF83B1253F}"
EndProject
Project("{9A19103F-16F7-4668-BE54-9A1E7A4F7556}") = "Tibos.Gateway", "Tibos.Gateway\Tibos.Gateway.csproj", "{ED5A755B-877C-406F-AC45-C78DA9163BA5}"
EndProject
Project("{9A19103F-16F7-4668-BE54-9A1E7A4F7556}") = "Tibos.WebAPI", "Tibos.WebAPI\Tibos.WebAPI.csproj", "{34F6CFEB-CC91-4464-8C3C-2D036B48AF9D}"
EndProject
Project("{9A19103F-16F7-4668-BE54-9A1E7A4F7556}") = "Tibos.IdentityService", "Tibos.IdentityService\Tibos.IdentityService.csproj", "{9995EB39-9F4F-42E2-9F3E-E4C7937FBE17}"
EndProject
Project("{FAE04EC0-301F-11D3-BF4B-00C04F79EFBC}") = "TestWeb", "TestWeb\TestWeb.csproj", "{862D4150-7F8F-4752-A5A4-F3CCAFB9454B}"
EndProject
Global
	GlobalSection(SolutionConfigurationPlatforms) = preSolution
		Debug|Any CPU = Debug|Any CPU
		Release|Any CPU = Release|Any CPU
	EndGlobalSection
	GlobalSection(ProjectConfigurationPlatforms) = postSolution
		{8C038C30-B127-4BFF-A430-59687092D541}.Debug|Any CPU.ActiveCfg = Debug|Any CPU
		{8C038C30-B127-4BFF-A430-59687092D541}.Debug|Any CPU.Build.0 = Debug|Any CPU
		{8C038C30-B127-4BFF-A430-59687092D541}.Release|Any CPU.ActiveCfg = Release|Any CPU
		{8C038C30-B127-4BFF-A430-59687092D541}.Release|Any CPU.Build.0 = Release|Any CPU
		{1AC61CF5-5CEE-4B80-8752-AE7C3B4A572C}.Debug|Any CPU.ActiveCfg = Debug|Any CPU
		{1AC61CF5-5CEE-4B80-8752-AE7C3B4A572C}.Debug|Any CPU.Build.0 = Debug|Any CPU
		{1AC61CF5-5CEE-4B80-8752-AE7C3B4A572C}.Release|Any CPU.ActiveCfg = Release|Any CPU
		{1AC61CF5-5CEE-4B80-8752-AE7C3B4A572C}.Release|Any CPU.Build.0 = Release|Any CPU
		{D18CE245-86FF-461B-8CC0-D315A959941E}.Debug|Any CPU.ActiveCfg = Debug|Any CPU
		{D18CE245-86FF-461B-8CC0-D315A959941E}.Debug|Any CPU.Build.0 = Debug|Any CPU
		{D18CE245-86FF-461B-8CC0-D315A959941E}.Release|Any CPU.ActiveCfg = Release|Any CPU
		{D18CE245-86FF-461B-8CC0-D315A959941E}.Release|Any CPU.Build.0 = Release|Any CPU
		{9E975646-9E71-4354-8708-DB510BD11BF9}.Debug|Any CPU.ActiveCfg = Debug|Any CPU
		{9E975646-9E71-4354-8708-DB510BD11BF9}.Debug|Any CPU.Build.0 = Debug|Any CPU
		{9E975646-9E71-4354-8708-DB510BD11BF9}.Release|Any CPU.ActiveCfg = Release|Any CPU
		{9E975646-9E71-4354-8708-DB510BD11BF9}.Release|Any CPU.Build.0 = Release|Any CPU
		{9B4DE832-ADF2-41B1-B9D0-E56BD491B1C2}.Debug|Any CPU.ActiveCfg = Debug|Any CPU
		{9B4DE832-ADF2-41B1-B9D0-E56BD491B1C2}.Debug|Any CPU.Build.0 = Debug|Any CPU
		{9B4DE832-ADF2-41B1-B9D0-E56BD491B1C2}.Release|Any CPU.ActiveCfg = Release|Any CPU
		{9B4DE832-ADF2-41B1-B9D0-E56BD491B1C2}.Release|Any CPU.Build.0 = Release|Any CPU
		{92BA69B1-0C4B-47A3-92CA-0C265AB19520}.Debug|Any CPU.ActiveCfg = Debug|Any CPU
		{92BA69B1-0C4B-47A3-92CA-0C265AB19520}.Debug|Any CPU.Build.0 = Debug|Any CPU
		{92BA69B1-0C4B-47A3-92CA-0C265AB19520}.Release|Any CPU.ActiveCfg = Release|Any CPU
		{92BA69B1-0C4B-47A3-92CA-0C265AB19520}.Release|Any CPU.Build.0 = Release|Any CPU
		{29E708AB-A68B-419E-8640-026367C0BA7C}.Debug|Any CPU.ActiveCfg = Debug|Any CPU
		{29E708AB-A68B-419E-8640-026367C0BA7C}.Debug|Any CPU.Build.0 = Debug|Any CPU
		{29E708AB-A68B-419E-8640-026367C0BA7C}.Release|Any CPU.ActiveCfg = Release|Any CPU
		{29E708AB-A68B-419E-8640-026367C0BA7C}.Release|Any CPU.Build.0 = Release|Any CPU
		{AAB86185-AB2B-4E78-8C25-CEABF952AB93}.Debug|Any CPU.ActiveCfg = Debug|Any CPU
		{AAB86185-AB2B-4E78-8C25-CEABF952AB93}.Debug|Any CPU.Build.0 = Debug|Any CPU
		{AAB86185-AB2B-4E78-8C25-CEABF952AB93}.Release|Any CPU.ActiveCfg = Release|Any CPU
		{AAB86185-AB2B-4E78-8C25-CEABF952AB93}.Release|Any CPU.Build.0 = Release|Any CPU
		{8574D6B7-4F08-4DF9-981E-69D9E7C164B5}.Debug|Any CPU.ActiveCfg = Debug|Any CPU
		{8574D6B7-4F08-4DF9-981E-69D9E7C164B5}.Debug|Any CPU.Build.0 = Debug|Any CPU
		{8574D6B7-4F08-4DF9-981E-69D9E7C164B5}.Release|Any CPU.ActiveCfg = Release|Any CPU
		{8574D6B7-4F08-4DF9-981E-69D9E7C164B5}.Release|Any CPU.Build.0 = Release|Any CPU
		{1F87AC6B-7D3A-41CC-9B31-F2F6240AB770}.Debug|Any CPU.ActiveCfg = Debug|Any CPU
		{1F87AC6B-7D3A-41CC-9B31-F2F6240AB770}.Debug|Any CPU.Build.0 = Debug|Any CPU
		{1F87AC6B-7D3A-41CC-9B31-F2F6240AB770}.Release|Any CPU.ActiveCfg = Release|Any CPU
		{1F87AC6B-7D3A-41CC-9B31-F2F6240AB770}.Release|Any CPU.Build.0 = Release|Any CPU
		{F1AD3A67-5D13-47AC-91D4-0A8EDCCA063C}.Debug|Any CPU.ActiveCfg = Debug|Any CPU
		{F1AD3A67-5D13-47AC-91D4-0A8EDCCA063C}.Debug|Any CPU.Build.0 = Debug|Any CPU
		{F1AD3A67-5D13-47AC-91D4-0A8EDCCA063C}.Release|Any CPU.ActiveCfg = Release|Any CPU
		{F1AD3A67-5D13-47AC-91D4-0A8EDCCA063C}.Release|Any CPU.Build.0 = Release|Any CPU
		{7C52EFEC-AF79-4F8F-8DBB-0B4B0D8E5DD9}.Debug|Any CPU.ActiveCfg = Debug|Any CPU
		{7C52EFEC-AF79-4F8F-8DBB-0B4B0D8E5DD9}.Debug|Any CPU.Build.0 = Debug|Any CPU
		{7C52EFEC-AF79-4F8F-8DBB-0B4B0D8E5DD9}.Release|Any CPU.ActiveCfg = Release|Any CPU
		{7C52EFEC-AF79-4F8F-8DBB-0B4B0D8E5DD9}.Release|Any CPU.Build.0 = Release|Any CPU
		{2F20D7BE-6C79-4E4C-893F-90F87727E9BF}.Debug|Any CPU.ActiveCfg = Debug|Any CPU
		{2F20D7BE-6C79-4E4C-893F-90F87727E9BF}.Debug|Any CPU.Build.0 = Debug|Any CPU
		{2F20D7BE-6C79-4E4C-893F-90F87727E9BF}.Release|Any CPU.ActiveCfg = Release|Any CPU
		{2F20D7BE-6C79-4E4C-893F-90F87727E9BF}.Release|Any CPU.Build.0 = Release|Any CPU
		{B018C104-69DB-40E7-BDFA-A01C309E1072}.Debug|Any CPU.ActiveCfg = Debug|Any CPU
		{B018C104-69DB-40E7-BDFA-A01C309E1072}.Debug|Any CPU.Build.0 = Debug|Any CPU
		{B018C104-69DB-40E7-BDFA-A01C309E1072}.Release|Any CPU.ActiveCfg = Release|Any CPU
		{B018C104-69DB-40E7-BDFA-A01C309E1072}.Release|Any CPU.Build.0 = Release|Any CPU
		{45C381DE-B11C-4399-B23A-D2EE08FF5CD6}.Debug|Any CPU.ActiveCfg = Debug|Any CPU
		{45C381DE-B11C-4399-B23A-D2EE08FF5CD6}.Debug|Any CPU.Build.0 = Debug|Any CPU
		{45C381DE-B11C-4399-B23A-D2EE08FF5CD6}.Release|Any CPU.ActiveCfg = Release|Any CPU
		{45C381DE-B11C-4399-B23A-D2EE08FF5CD6}.Release|Any CPU.Build.0 = Release|Any CPU
		{DE69A3BA-E468-481D-BD86-32821C357D0F}.Debug|Any CPU.ActiveCfg = Debug|Any CPU
		{DE69A3BA-E468-481D-BD86-32821C357D0F}.Debug|Any CPU.Build.0 = Debug|Any CPU
		{DE69A3BA-E468-481D-BD86-32821C357D0F}.Release|Any CPU.ActiveCfg = Release|Any CPU
		{DE69A3BA-E468-481D-BD86-32821C357D0F}.Release|Any CPU.Build.0 = Release|Any CPU
		{5207DD44-7746-48C3-9CB6-3C9D8DF94B2F}.Debug|Any CPU.ActiveCfg = Debug|Any CPU
		{5207DD44-7746-48C3-9CB6-3C9D8DF94B2F}.Debug|Any CPU.Build.0 = Debug|Any CPU
		{5207DD44-7746-48C3-9CB6-3C9D8DF94B2F}.Release|Any CPU.ActiveCfg = Release|Any CPU
		{5207DD44-7746-48C3-9CB6-3C9D8DF94B2F}.Release|Any CPU.Build.0 = Release|Any CPU
		{9C3BAE15-E63F-497B-ACB8-4C9D39FF2C81}.Debug|Any CPU.ActiveCfg = Debug|Any CPU
		{9C3BAE15-E63F-497B-ACB8-4C9D39FF2C81}.Debug|Any CPU.Build.0 = Debug|Any CPU
		{9C3BAE15-E63F-497B-ACB8-4C9D39FF2C81}.Release|Any CPU.ActiveCfg = Release|Any CPU
		{9C3BAE15-E63F-497B-ACB8-4C9D39FF2C81}.Release|Any CPU.Build.0 = Release|Any CPU
		{F648307E-73E8-4437-A347-AC174EB5AB85}.Debug|Any CPU.ActiveCfg = Debug|Any CPU
		{F648307E-73E8-4437-A347-AC174EB5AB85}.Debug|Any CPU.Build.0 = Debug|Any CPU
		{F648307E-73E8-4437-A347-AC174EB5AB85}.Release|Any CPU.ActiveCfg = Release|Any CPU
		{F648307E-73E8-4437-A347-AC174EB5AB85}.Release|Any CPU.Build.0 = Release|Any CPU
		{FEF79DD7-62C3-436B-B68E-FD063986973F}.Debug|Any CPU.ActiveCfg = Debug|Any CPU
		{FEF79DD7-62C3-436B-B68E-FD063986973F}.Debug|Any CPU.Build.0 = Debug|Any CPU
		{FEF79DD7-62C3-436B-B68E-FD063986973F}.Release|Any CPU.ActiveCfg = Release|Any CPU
		{FEF79DD7-62C3-436B-B68E-FD063986973F}.Release|Any CPU.Build.0 = Release|Any CPU
		{98F6EF62-2A0F-4946-AFE2-A5D2F723C68B}.Debug|Any CPU.ActiveCfg = Debug|Any CPU
		{98F6EF62-2A0F-4946-AFE2-A5D2F723C68B}.Debug|Any CPU.Build.0 = Debug|Any CPU
		{98F6EF62-2A0F-4946-AFE2-A5D2F723C68B}.Release|Any CPU.ActiveCfg = Release|Any CPU
		{98F6EF62-2A0F-4946-AFE2-A5D2F723C68B}.Release|Any CPU.Build.0 = Release|Any CPU
		{2388275B-F9AD-42E5-9EF1-3A297429EEA9}.Debug|Any CPU.ActiveCfg = Debug|Any CPU
		{2388275B-F9AD-42E5-9EF1-3A297429EEA9}.Debug|Any CPU.Build.0 = Debug|Any CPU
		{2388275B-F9AD-42E5-9EF1-3A297429EEA9}.Release|Any CPU.ActiveCfg = Release|Any CPU
		{2388275B-F9AD-42E5-9EF1-3A297429EEA9}.Release|Any CPU.Build.0 = Release|Any CPU
		{ED5A755B-877C-406F-AC45-C78DA9163BA5}.Debug|Any CPU.ActiveCfg = Debug|Any CPU
		{ED5A755B-877C-406F-AC45-C78DA9163BA5}.Debug|Any CPU.Build.0 = Debug|Any CPU
		{ED5A755B-877C-406F-AC45-C78DA9163BA5}.Release|Any CPU.ActiveCfg = Release|Any CPU
		{ED5A755B-877C-406F-AC45-C78DA9163BA5}.Release|Any CPU.Build.0 = Release|Any CPU
		{34F6CFEB-CC91-4464-8C3C-2D036B48AF9D}.Debug|Any CPU.ActiveCfg = Debug|Any CPU
		{34F6CFEB-CC91-4464-8C3C-2D036B48AF9D}.Debug|Any CPU.Build.0 = Debug|Any CPU
		{34F6CFEB-CC91-4464-8C3C-2D036B48AF9D}.Release|Any CPU.ActiveCfg = Release|Any CPU
		{34F6CFEB-CC91-4464-8C3C-2D036B48AF9D}.Release|Any CPU.Build.0 = Release|Any CPU
		{9995EB39-9F4F-42E2-9F3E-E4C7937FBE17}.Debug|Any CPU.ActiveCfg = Debug|Any CPU
		{9995EB39-9F4F-42E2-9F3E-E4C7937FBE17}.Debug|Any CPU.Build.0 = Debug|Any CPU
		{9995EB39-9F4F-42E2-9F3E-E4C7937FBE17}.Release|Any CPU.ActiveCfg = Release|Any CPU
		{9995EB39-9F4F-42E2-9F3E-E4C7937FBE17}.Release|Any CPU.Build.0 = Release|Any CPU
		{862D4150-7F8F-4752-A5A4-F3CCAFB9454B}.Debug|Any CPU.ActiveCfg = Debug|Any CPU
		{862D4150-7F8F-4752-A5A4-F3CCAFB9454B}.Debug|Any CPU.Build.0 = Debug|Any CPU
		{862D4150-7F8F-4752-A5A4-F3CCAFB9454B}.Release|Any CPU.ActiveCfg = Release|Any CPU
		{862D4150-7F8F-4752-A5A4-F3CCAFB9454B}.Release|Any CPU.Build.0 = Release|Any CPU
	EndGlobalSection
	GlobalSection(SolutionProperties) = preSolution
		HideSolutionNode = FALSE
	EndGlobalSection
	GlobalSection(NestedProjects) = preSolution
		{8C038C30-B127-4BFF-A430-59687092D541} = {D4C12E8F-5E0D-455E-81E8-71546D866440}
		{1AC61CF5-5CEE-4B80-8752-AE7C3B4A572C} = {669C0819-F210-436E-B3AF-62160C0F13DD}
		{D18CE245-86FF-461B-8CC0-D315A959941E} = {8650BE42-E8D1-441E-BDF2-56176AE2DB9A}
		{9E975646-9E71-4354-8708-DB510BD11BF9} = {C423AF12-AEB6-4159-ADD9-EF64E23A844A}
		{9B4DE832-ADF2-41B1-B9D0-E56BD491B1C2} = {5F909911-FC24-47CC-A9F5-BEC77155F34F}
		{92BA69B1-0C4B-47A3-92CA-0C265AB19520} = {D4C12E8F-5E0D-455E-81E8-71546D866440}
		{29E708AB-A68B-419E-8640-026367C0BA7C} = {5F909911-FC24-47CC-A9F5-BEC77155F34F}
		{AAB86185-AB2B-4E78-8C25-CEABF952AB93} = {10278CAB-48C6-49B9-BA57-D302EB155BE0}
		{8574D6B7-4F08-4DF9-981E-69D9E7C164B5} = {D4C12E8F-5E0D-455E-81E8-71546D866440}
		{1F87AC6B-7D3A-41CC-9B31-F2F6240AB770} = {10278CAB-48C6-49B9-BA57-D302EB155BE0}
		{F1AD3A67-5D13-47AC-91D4-0A8EDCCA063C} = {4E435325-FF37-43CC-B316-B6D4BD53C463}
		{7C52EFEC-AF79-4F8F-8DBB-0B4B0D8E5DD9} = {4E435325-FF37-43CC-B316-B6D4BD53C463}
		{D5FDD0F2-D049-43D2-856B-9FA70EE4090C} = {10278CAB-48C6-49B9-BA57-D302EB155BE0}
		{2F20D7BE-6C79-4E4C-893F-90F87727E9BF} = {D5FDD0F2-D049-43D2-856B-9FA70EE4090C}
		{B018C104-69DB-40E7-BDFA-A01C309E1072} = {D5FDD0F2-D049-43D2-856B-9FA70EE4090C}
		{45C381DE-B11C-4399-B23A-D2EE08FF5CD6} = {D5FDD0F2-D049-43D2-856B-9FA70EE4090C}
		{DE69A3BA-E468-481D-BD86-32821C357D0F} = {10278CAB-48C6-49B9-BA57-D302EB155BE0}
		{5207DD44-7746-48C3-9CB6-3C9D8DF94B2F} = {A6800985-A291-413F-8C2F-D799B12BABDF}
		{9C3BAE15-E63F-497B-ACB8-4C9D39FF2C81} = {8E4E1071-70B5-4BD3-9A1B-DADECBC0143B}
		{F648307E-73E8-4437-A347-AC174EB5AB85} = {513A3A81-2E93-4DB4-B5B3-534270A50C6B}
		{4E435325-FF37-43CC-B316-B6D4BD53C463} = {10278CAB-48C6-49B9-BA57-D302EB155BE0}
		{AD9CC05E-67D3-4083-8EFD-15470BC7BB16} = {10278CAB-48C6-49B9-BA57-D302EB155BE0}
		{FEF79DD7-62C3-436B-B68E-FD063986973F} = {AD9CC05E-67D3-4083-8EFD-15470BC7BB16}
		{98F6EF62-2A0F-4946-AFE2-A5D2F723C68B} = {AD9CC05E-67D3-4083-8EFD-15470BC7BB16}
		{2388275B-F9AD-42E5-9EF1-3A297429EEA9} = {10278CAB-48C6-49B9-BA57-D302EB155BE0}
		{AB8555C1-3E05-4498-9A15-8FDF83B1253F} = {10278CAB-48C6-49B9-BA57-D302EB155BE0}
		{ED5A755B-877C-406F-AC45-C78DA9163BA5} = {AB8555C1-3E05-4498-9A15-8FDF83B1253F}
		{34F6CFEB-CC91-4464-8C3C-2D036B48AF9D} = {AB8555C1-3E05-4498-9A15-8FDF83B1253F}
		{9995EB39-9F4F-42E2-9F3E-E4C7937FBE17} = {AB8555C1-3E05-4498-9A15-8FDF83B1253F}
		{862D4150-7F8F-4752-A5A4-F3CCAFB9454B} = {10278CAB-48C6-49B9-BA57-D302EB155BE0}
	EndGlobalSection
	GlobalSection(ExtensibilityGlobals) = postSolution
		SolutionGuid = {9A94B1D2-C9FB-4144-B80F-BED3F002B315}
	EndGlobalSection
EndGlobal
